
Microsoft Visual Studio Solution File, Format Version 12.00
# Visual Studio Version 17
VisualStudioVersion = 17.0.31903.59
MinimumVisualStudioVersion = 10.0.40219.1
Project("{9A19103F-16F7-4668-BE54-9A1E7A4F7556}") = "SocialMedia.APi", "src\socialMedia.Api\SocialMedia.APi.csproj", "{32D549E9-591E-427A-A25B-B0B4BF1C3545}"
EndProject
Project("{2150E333-8FDC-42A3-9474-1A3956D46DE8}") = "src", "src", "{D04B816D-9611-43C5-A746-8B599AFF3418}"
EndProject
Project("{9A19103F-16F7-4668-BE54-9A1E7A4F7556}") = "SocialMedia.Application", "src\SocialMedia.Application\SocialMedia.Application.csproj", "{013AB4A9-7811-49BC-B115-94FF11611A18}"
EndProject
Project("{9A19103F-16F7-4668-BE54-9A1E7A4F7556}") = "SocialMedia.Domain", "src\SocialMedia.Domain\SocialMedia.Domain.csproj", "{E11AC7A9-7E4C-4B49-A5E4-C42F1808B28B}"
EndProject
Project("{9A19103F-16F7-4668-BE54-9A1E7A4F7556}") = "SocialMedia.Infrastructure", "src\SocialMedia.Infrastructure\SocialMedia.Infrastructure.csproj", "{794EBE7A-DF28-43C0-9D49-CEE1F0C5714A}"
EndProject
Global
	GlobalSection(SolutionConfigurationPlatforms) = preSolution
		Debug|Any CPU = Debug|Any CPU
		Release|Any CPU = Release|Any CPU
	EndGlobalSection
	GlobalSection(ProjectConfigurationPlatforms) = postSolution
		{32D549E9-591E-427A-A25B-B0B4BF1C3545}.Debug|Any CPU.ActiveCfg = Debug|Any CPU
		{32D549E9-591E-427A-A25B-B0B4BF1C3545}.Debug|Any CPU.Build.0 = Debug|Any CPU
		{32D549E9-591E-427A-A25B-B0B4BF1C3545}.Release|Any CPU.ActiveCfg = Release|Any CPU
		{32D549E9-591E-427A-A25B-B0B4BF1C3545}.Release|Any CPU.Build.0 = Release|Any CPU
		{013AB4A9-7811-49BC-B115-94FF11611A18}.Debug|Any CPU.ActiveCfg = Debug|Any CPU
		{013AB4A9-7811-49BC-B115-94FF11611A18}.Debug|Any CPU.Build.0 = Debug|Any CPU
		{013AB4A9-7811-49BC-B115-94FF11611A18}.Release|Any CPU.ActiveCfg = Release|Any CPU
		{013AB4A9-7811-49BC-B115-94FF11611A18}.Release|Any CPU.Build.0 = Release|Any CPU
		{E11AC7A9-7E4C-4B49-A5E4-C42F1808B28B}.Debug|Any CPU.ActiveCfg = Debug|Any CPU
		{E11AC7A9-7E4C-4B49-A5E4-C42F1808B28B}.Debug|Any CPU.Build.0 = Debug|Any CPU
		{E11AC7A9-7E4C-4B49-A5E4-C42F1808B28B}.Release|Any CPU.ActiveCfg = Release|Any CPU
		{E11AC7A9-7E4C-4B49-A5E4-C42F1808B28B}.Release|Any CPU.Build.0 = Release|Any CPU
		{794EBE7A-DF28-43C0-9D49-CEE1F0C5714A}.Debug|Any CPU.ActiveCfg = Debug|Any CPU
		{794EBE7A-DF28-43C0-9D49-CEE1F0C5714A}.Debug|Any CPU.Build.0 = Debug|Any CPU
		{794EBE7A-DF28-43C0-9D49-CEE1F0C5714A}.Release|Any CPU.ActiveCfg = Release|Any CPU
		{794EBE7A-DF28-43C0-9D49-CEE1F0C5714A}.Release|Any CPU.Build.0 = Release|Any CPU
	EndGlobalSection
	GlobalSection(SolutionProperties) = preSolution
		HideSolutionNode = FALSE
	EndGlobalSection
	GlobalSection(NestedProjects) = preSolution
		{32D549E9-591E-427A-A25B-B0B4BF1C3545} = {D04B816D-9611-43C5-A746-8B599AFF3418}
		{013AB4A9-7811-49BC-B115-94FF11611A18} = {D04B816D-9611-43C5-A746-8B599AFF3418}
		{E11AC7A9-7E4C-4B49-A5E4-C42F1808B28B} = {D04B816D-9611-43C5-A746-8B599AFF3418}
		{794EBE7A-DF28-43C0-9D49-CEE1F0C5714A} = {D04B816D-9611-43C5-A746-8B599AFF3418}
	EndGlobalSection
	GlobalSection(ExtensibilityGlobals) = postSolution
		SolutionGuid = {A8049C6F-3D44-45F2-83F7-981C9453FD50}
	EndGlobalSection
EndGlobal
